// !$*UTF8*$!
{
	archiveVersion = 1;
	classes = {
	};
	objectVersion = 55;
	objects = {

/* Begin PBXBuildFile section */
		3F1470A427C18350008F17A8 /* AppDelegate.swift in Sources */ = {isa = PBXBuildFile; fileRef = 3F1470A327C18350008F17A8 /* AppDelegate.swift */; };
		3F1470A627C18350008F17A8 /* SceneDelegate.swift in Sources */ = {isa = PBXBuildFile; fileRef = 3F1470A527C18350008F17A8 /* SceneDelegate.swift */; };
		3F1470A827C18350008F17A8 /* MoviesViewController.swift in Sources */ = {isa = PBXBuildFile; fileRef = 3F1470A727C18350008F17A8 /* MoviesViewController.swift */; };
		3F1470AB27C18350008F17A8 /* Main.storyboard in Resources */ = {isa = PBXBuildFile; fileRef = 3F1470A927C18350008F17A8 /* Main.storyboard */; };
		3F1470AD27C18352008F17A8 /* Assets.xcassets in Resources */ = {isa = PBXBuildFile; fileRef = 3F1470AC27C18352008F17A8 /* Assets.xcassets */; };
		3F1470B027C18352008F17A8 /* LaunchScreen.storyboard in Resources */ = {isa = PBXBuildFile; fileRef = 3F1470AE27C18352008F17A8 /* LaunchScreen.storyboard */; };
		3F1470BB27C18352008F17A8 /* FlixTests.swift in Sources */ = {isa = PBXBuildFile; fileRef = 3F1470BA27C18352008F17A8 /* FlixTests.swift */; };
		3F1470C527C18352008F17A8 /* FlixUITests.swift in Sources */ = {isa = PBXBuildFile; fileRef = 3F1470C427C18352008F17A8 /* FlixUITests.swift */; };
		3F1470C727C18352008F17A8 /* FlixUITestsLaunchTests.swift in Sources */ = {isa = PBXBuildFile; fileRef = 3F1470C627C18352008F17A8 /* FlixUITestsLaunchTests.swift */; };
		3F5F5A8727C893AF00D8F66B /* MovieCell.swift in Sources */ = {isa = PBXBuildFile; fileRef = 3F5F5A8627C893AF00D8F66B /* MovieCell.swift */; };
		3F5F5A8A27C89A2F00D8F66B /* AlamofireImage in Frameworks */ = {isa = PBXBuildFile; productRef = 3F5F5A8927C89A2F00D8F66B /* AlamofireImage */; };
		3FD4DAFC27CEEB0C00FD2CF0 /* MovieDetailsViewController.swift in Sources */ = {isa = PBXBuildFile; fileRef = 3FD4DAFB27CEEB0C00FD2CF0 /* MovieDetailsViewController.swift */; };
		3FD4DAFE27CEF5BB00FD2CF0 /* MovieGridViewController.swift in Sources */ = {isa = PBXBuildFile; fileRef = 3FD4DAFD27CEF5BB00FD2CF0 /* MovieGridViewController.swift */; };
		3FD4DB0027CEF8AD00FD2CF0 /* MovieGridCell.swift in Sources */ = {isa = PBXBuildFile; fileRef = 3FD4DAFF27CEF8AD00FD2CF0 /* MovieGridCell.swift */; };
		8847685A966A5A9A6A74B17E /* Pods_Flix.framework in Frameworks */ = {isa = PBXBuildFile; fileRef = 9FBD60C8A4A02A4CCEF5F4BD /* Pods_Flix.framework */; };
		B9CC7997C61F0F5E4D76306C /* Pods_Flix_FlixUITests.framework in Frameworks */ = {isa = PBXBuildFile; fileRef = E360B6123D3FB98F54CA1910 /* Pods_Flix_FlixUITests.framework */; };
		FE427D4970FCF5FE2A4F44B9 /* Pods_FlixTests.framework in Frameworks */ = {isa = PBXBuildFile; fileRef = 38A08F67E6FB54200FDC0D11 /* Pods_FlixTests.framework */; };
/* End PBXBuildFile section */

/* Begin PBXContainerItemProxy section */
		3F1470B727C18352008F17A8 /* PBXContainerItemProxy */ = {
			isa = PBXContainerItemProxy;
			containerPortal = 3F14709827C18350008F17A8 /* Project object */;
			proxyType = 1;
			remoteGlobalIDString = 3F14709F27C18350008F17A8;
			remoteInfo = Flix;
		};
		3F1470C127C18352008F17A8 /* PBXContainerItemProxy */ = {
			isa = PBXContainerItemProxy;
			containerPortal = 3F14709827C18350008F17A8 /* Project object */;
			proxyType = 1;
			remoteGlobalIDString = 3F14709F27C18350008F17A8;
			remoteInfo = Flix;
		};
/* End PBXContainerItemProxy section */

/* Begin PBXFileReference section */
		38A08F67E6FB54200FDC0D11 /* Pods_FlixTests.framework */ = {isa = PBXFileReference; explicitFileType = wrapper.framework; includeInIndex = 0; path = Pods_FlixTests.framework; sourceTree = BUILT_PRODUCTS_DIR; };
		3F1470A027C18350008F17A8 /* Flix.app */ = {isa = PBXFileReference; explicitFileType = wrapper.application; includeInIndex = 0; path = Flix.app; sourceTree = BUILT_PRODUCTS_DIR; };
		3F1470A327C18350008F17A8 /* AppDelegate.swift */ = {isa = PBXFileReference; lastKnownFileType = sourcecode.swift; path = AppDelegate.swift; sourceTree = "<group>"; };
		3F1470A527C18350008F17A8 /* SceneDelegate.swift */ = {isa = PBXFileReference; lastKnownFileType = sourcecode.swift; path = SceneDelegate.swift; sourceTree = "<group>"; };
		3F1470A727C18350008F17A8 /* MoviesViewController.swift */ = {isa = PBXFileReference; lastKnownFileType = sourcecode.swift; path = MoviesViewController.swift; sourceTree = "<group>"; };
		3F1470AA27C18350008F17A8 /* Base */ = {isa = PBXFileReference; lastKnownFileType = file.storyboard; name = Base; path = Base.lproj/Main.storyboard; sourceTree = "<group>"; };
		3F1470AC27C18352008F17A8 /* Assets.xcassets */ = {isa = PBXFileReference; lastKnownFileType = folder.assetcatalog; path = Assets.xcassets; sourceTree = "<group>"; };
		3F1470AF27C18352008F17A8 /* Base */ = {isa = PBXFileReference; lastKnownFileType = file.storyboard; name = Base; path = Base.lproj/LaunchScreen.storyboard; sourceTree = "<group>"; };
		3F1470B127C18352008F17A8 /* Info.plist */ = {isa = PBXFileReference; lastKnownFileType = text.plist; path = Info.plist; sourceTree = "<group>"; };
		3F1470B627C18352008F17A8 /* FlixTests.xctest */ = {isa = PBXFileReference; explicitFileType = wrapper.cfbundle; includeInIndex = 0; path = FlixTests.xctest; sourceTree = BUILT_PRODUCTS_DIR; };
		3F1470BA27C18352008F17A8 /* FlixTests.swift */ = {isa = PBXFileReference; lastKnownFileType = sourcecode.swift; path = FlixTests.swift; sourceTree = "<group>"; };
		3F1470C027C18352008F17A8 /* FlixUITests.xctest */ = {isa = PBXFileReference; explicitFileType = wrapper.cfbundle; includeInIndex = 0; path = FlixUITests.xctest; sourceTree = BUILT_PRODUCTS_DIR; };
		3F1470C427C18352008F17A8 /* FlixUITests.swift */ = {isa = PBXFileReference; lastKnownFileType = sourcecode.swift; path = FlixUITests.swift; sourceTree = "<group>"; };
		3F1470C627C18352008F17A8 /* FlixUITestsLaunchTests.swift */ = {isa = PBXFileReference; lastKnownFileType = sourcecode.swift; path = FlixUITestsLaunchTests.swift; sourceTree = "<group>"; };
		3F5F5A8627C893AF00D8F66B /* MovieCell.swift */ = {isa = PBXFileReference; lastKnownFileType = sourcecode.swift; path = MovieCell.swift; sourceTree = "<group>"; };
		3FD4DAFB27CEEB0C00FD2CF0 /* MovieDetailsViewController.swift */ = {isa = PBXFileReference; lastKnownFileType = sourcecode.swift; path = MovieDetailsViewController.swift; sourceTree = "<group>"; };
		3FD4DAFD27CEF5BB00FD2CF0 /* MovieGridViewController.swift */ = {isa = PBXFileReference; lastKnownFileType = sourcecode.swift; path = MovieGridViewController.swift; sourceTree = "<group>"; };
		3FD4DAFF27CEF8AD00FD2CF0 /* MovieGridCell.swift */ = {isa = PBXFileReference; lastKnownFileType = sourcecode.swift; path = MovieGridCell.swift; sourceTree = "<group>"; };
		4667133D233ECCA21E797B1C /* Pods-FlixTests.release.xcconfig */ = {isa = PBXFileReference; includeInIndex = 1; lastKnownFileType = text.xcconfig; name = "Pods-FlixTests.release.xcconfig"; path = "Target Support Files/Pods-FlixTests/Pods-FlixTests.release.xcconfig"; sourceTree = "<group>"; };
		5C382A2251741252116A82E9 /* Pods-FlixTests.debug.xcconfig */ = {isa = PBXFileReference; includeInIndex = 1; lastKnownFileType = text.xcconfig; name = "Pods-FlixTests.debug.xcconfig"; path = "Target Support Files/Pods-FlixTests/Pods-FlixTests.debug.xcconfig"; sourceTree = "<group>"; };
		91B1494A9B675FE41BCFF58F /* Pods-Flix.release.xcconfig */ = {isa = PBXFileReference; includeInIndex = 1; lastKnownFileType = text.xcconfig; name = "Pods-Flix.release.xcconfig"; path = "Target Support Files/Pods-Flix/Pods-Flix.release.xcconfig"; sourceTree = "<group>"; };
		9FBD60C8A4A02A4CCEF5F4BD /* Pods_Flix.framework */ = {isa = PBXFileReference; explicitFileType = wrapper.framework; includeInIndex = 0; path = Pods_Flix.framework; sourceTree = BUILT_PRODUCTS_DIR; };
		B584EB5D68A98820D18D6353 /* Pods-Flix-FlixUITests.debug.xcconfig */ = {isa = PBXFileReference; includeInIndex = 1; lastKnownFileType = text.xcconfig; name = "Pods-Flix-FlixUITests.debug.xcconfig"; path = "Target Support Files/Pods-Flix-FlixUITests/Pods-Flix-FlixUITests.debug.xcconfig"; sourceTree = "<group>"; };
		CD6BD0975138BAB39A6CD018 /* Pods-Flix.debug.xcconfig */ = {isa = PBXFileReference; includeInIndex = 1; lastKnownFileType = text.xcconfig; name = "Pods-Flix.debug.xcconfig"; path = "Target Support Files/Pods-Flix/Pods-Flix.debug.xcconfig"; sourceTree = "<group>"; };
		E360B6123D3FB98F54CA1910 /* Pods_Flix_FlixUITests.framework */ = {isa = PBXFileReference; explicitFileType = wrapper.framework; includeInIndex = 0; path = Pods_Flix_FlixUITests.framework; sourceTree = BUILT_PRODUCTS_DIR; };
		EC5632BFC3DC6F04DE15CF25 /* Pods-Flix-FlixUITests.release.xcconfig */ = {isa = PBXFileReference; includeInIndex = 1; lastKnownFileType = text.xcconfig; name = "Pods-Flix-FlixUITests.release.xcconfig"; path = "Target Support Files/Pods-Flix-FlixUITests/Pods-Flix-FlixUITests.release.xcconfig"; sourceTree = "<group>"; };
/* End PBXFileReference section */

/* Begin PBXFrameworksBuildPhase section */
		3F14709D27C18350008F17A8 /* Frameworks */ = {
			isa = PBXFrameworksBuildPhase;
			buildActionMask = 2147483647;
			files = (
				3F5F5A8A27C89A2F00D8F66B /* AlamofireImage in Frameworks */,
				8847685A966A5A9A6A74B17E /* Pods_Flix.framework in Frameworks */,
			);
			runOnlyForDeploymentPostprocessing = 0;
		};
		3F1470B327C18352008F17A8 /* Frameworks */ = {
			isa = PBXFrameworksBuildPhase;
			buildActionMask = 2147483647;
			files = (
				FE427D4970FCF5FE2A4F44B9 /* Pods_FlixTests.framework in Frameworks */,
			);
			runOnlyForDeploymentPostprocessing = 0;
		};
		3F1470BD27C18352008F17A8 /* Frameworks */ = {
			isa = PBXFrameworksBuildPhase;
			buildActionMask = 2147483647;
			files = (
				B9CC7997C61F0F5E4D76306C /* Pods_Flix_FlixUITests.framework in Frameworks */,
			);
			runOnlyForDeploymentPostprocessing = 0;
		};
/* End PBXFrameworksBuildPhase section */

/* Begin PBXGroup section */
		170C908FAAF5F3C36FF52FAA /* Frameworks */ = {
			isa = PBXGroup;
			children = (
				9FBD60C8A4A02A4CCEF5F4BD /* Pods_Flix.framework */,
				E360B6123D3FB98F54CA1910 /* Pods_Flix_FlixUITests.framework */,
				38A08F67E6FB54200FDC0D11 /* Pods_FlixTests.framework */,
			);
			name = Frameworks;
			sourceTree = "<group>";
		};
		3F14709727C18350008F17A8 = {
			isa = PBXGroup;
			children = (
				3F1470A227C18350008F17A8 /* Flix */,
				3F1470B927C18352008F17A8 /* FlixTests */,
				3F1470C327C18352008F17A8 /* FlixUITests */,
				3F1470A127C18350008F17A8 /* Products */,
				A9B17211D3147083A928B365 /* Pods */,
				170C908FAAF5F3C36FF52FAA /* Frameworks */,
			);
			sourceTree = "<group>";
		};
		3F1470A127C18350008F17A8 /* Products */ = {
			isa = PBXGroup;
			children = (
				3F1470A027C18350008F17A8 /* Flix.app */,
				3F1470B627C18352008F17A8 /* FlixTests.xctest */,
				3F1470C027C18352008F17A8 /* FlixUITests.xctest */,
			);
			name = Products;
			sourceTree = "<group>";
		};
		3F1470A227C18350008F17A8 /* Flix */ = {
			isa = PBXGroup;
			children = (
				3F1470A327C18350008F17A8 /* AppDelegate.swift */,
				3F1470A527C18350008F17A8 /* SceneDelegate.swift */,
				3F1470A727C18350008F17A8 /* MoviesViewController.swift */,
				3F1470A927C18350008F17A8 /* Main.storyboard */,
				3F5F5A8627C893AF00D8F66B /* MovieCell.swift */,
				3F1470AC27C18352008F17A8 /* Assets.xcassets */,
				3F1470AE27C18352008F17A8 /* LaunchScreen.storyboard */,
				3F1470B127C18352008F17A8 /* Info.plist */,
				3FD4DAFB27CEEB0C00FD2CF0 /* MovieDetailsViewController.swift */,
				3FD4DAFD27CEF5BB00FD2CF0 /* MovieGridViewController.swift */,
				3FD4DAFF27CEF8AD00FD2CF0 /* MovieGridCell.swift */,
			);
			path = Flix;
			sourceTree = "<group>";
		};
		3F1470B927C18352008F17A8 /* FlixTests */ = {
			isa = PBXGroup;
			children = (
				3F1470BA27C18352008F17A8 /* FlixTests.swift */,
			);
			path = FlixTests;
			sourceTree = "<group>";
		};
		3F1470C327C18352008F17A8 /* FlixUITests */ = {
			isa = PBXGroup;
			children = (
				3F1470C427C18352008F17A8 /* FlixUITests.swift */,
				3F1470C627C18352008F17A8 /* FlixUITestsLaunchTests.swift */,
			);
			path = FlixUITests;
			sourceTree = "<group>";
		};
		A9B17211D3147083A928B365 /* Pods */ = {
			isa = PBXGroup;
			children = (
				CD6BD0975138BAB39A6CD018 /* Pods-Flix.debug.xcconfig */,
				91B1494A9B675FE41BCFF58F /* Pods-Flix.release.xcconfig */,
				B584EB5D68A98820D18D6353 /* Pods-Flix-FlixUITests.debug.xcconfig */,
				EC5632BFC3DC6F04DE15CF25 /* Pods-Flix-FlixUITests.release.xcconfig */,
				5C382A2251741252116A82E9 /* Pods-FlixTests.debug.xcconfig */,
				4667133D233ECCA21E797B1C /* Pods-FlixTests.release.xcconfig */,
			);
			path = Pods;
			sourceTree = "<group>";
		};
/* End PBXGroup section */

/* Begin PBXNativeTarget section */
		3F14709F27C18350008F17A8 /* Flix */ = {
			isa = PBXNativeTarget;
			buildConfigurationList = 3F1470CA27C18352008F17A8 /* Build configuration list for PBXNativeTarget "Flix" */;
			buildPhases = (
				58964A1D3F22BEA057E90FC0 /* [CP] Check Pods Manifest.lock */,
				3F14709C27C18350008F17A8 /* Sources */,
				3F14709D27C18350008F17A8 /* Frameworks */,
				3F14709E27C18350008F17A8 /* Resources */,
				0891770BE266F940950D1C69 /* [CP] Embed Pods Frameworks */,
			);
			buildRules = (
			);
			dependencies = (
			);
			name = Flix;
			packageProductDependencies = (
				3F5F5A8927C89A2F00D8F66B /* AlamofireImage */,
			);
			productName = Flix;
			productReference = 3F1470A027C18350008F17A8 /* Flix.app */;
			productType = "com.apple.product-type.application";
		};
		3F1470B527C18352008F17A8 /* FlixTests */ = {
			isa = PBXNativeTarget;
			buildConfigurationList = 3F1470CD27C18352008F17A8 /* Build configuration list for PBXNativeTarget "FlixTests" */;
			buildPhases = (
				0378A1D20A7776066C3E858E /* [CP] Check Pods Manifest.lock */,
				3F1470B227C18352008F17A8 /* Sources */,
				3F1470B327C18352008F17A8 /* Frameworks */,
				3F1470B427C18352008F17A8 /* Resources */,
			);
			buildRules = (
			);
			dependencies = (
				3F1470B827C18352008F17A8 /* PBXTargetDependency */,
			);
			name = FlixTests;
			productName = FlixTests;
			productReference = 3F1470B627C18352008F17A8 /* FlixTests.xctest */;
			productType = "com.apple.product-type.bundle.unit-test";
		};
		3F1470BF27C18352008F17A8 /* FlixUITests */ = {
			isa = PBXNativeTarget;
			buildConfigurationList = 3F1470D027C18352008F17A8 /* Build configuration list for PBXNativeTarget "FlixUITests" */;
			buildPhases = (
				5B598749D53B65387FEE514E /* [CP] Check Pods Manifest.lock */,
				3F1470BC27C18352008F17A8 /* Sources */,
				3F1470BD27C18352008F17A8 /* Frameworks */,
				3F1470BE27C18352008F17A8 /* Resources */,
				95EC0385401495A0C12D31A7 /* [CP] Embed Pods Frameworks */,
			);
			buildRules = (
			);
			dependencies = (
				3F1470C227C18352008F17A8 /* PBXTargetDependency */,
			);
			name = FlixUITests;
			productName = FlixUITests;
			productReference = 3F1470C027C18352008F17A8 /* FlixUITests.xctest */;
			productType = "com.apple.product-type.bundle.ui-testing";
		};
/* End PBXNativeTarget section */

/* Begin PBXProject section */
		3F14709827C18350008F17A8 /* Project object */ = {
			isa = PBXProject;
			attributes = {
				BuildIndependentTargetsInParallel = 1;
				LastSwiftUpdateCheck = 1320;
				LastUpgradeCheck = 1320;
				TargetAttributes = {
					3F14709F27C18350008F17A8 = {
						CreatedOnToolsVersion = 13.2.1;
					};
					3F1470B527C18352008F17A8 = {
						CreatedOnToolsVersion = 13.2.1;
						TestTargetID = 3F14709F27C18350008F17A8;
					};
					3F1470BF27C18352008F17A8 = {
						CreatedOnToolsVersion = 13.2.1;
						TestTargetID = 3F14709F27C18350008F17A8;
					};
				};
			};
			buildConfigurationList = 3F14709B27C18350008F17A8 /* Build configuration list for PBXProject "Flix" */;
			compatibilityVersion = "Xcode 13.0";
			developmentRegion = en;
			hasScannedForEncodings = 0;
			knownRegions = (
				en,
				Base,
			);
			mainGroup = 3F14709727C18350008F17A8;
			packageReferences = (
				3F5F5A8827C89A2F00D8F66B /* XCRemoteSwiftPackageReference "AlamofireImage" */,
			);
			productRefGroup = 3F1470A127C18350008F17A8 /* Products */;
			projectDirPath = "";
			projectRoot = "";
			targets = (
				3F14709F27C18350008F17A8 /* Flix */,
				3F1470B527C18352008F17A8 /* FlixTests */,
				3F1470BF27C18352008F17A8 /* FlixUITests */,
			);
		};
/* End PBXProject section */

/* Begin PBXResourcesBuildPhase section */
		3F14709E27C18350008F17A8 /* Resources */ = {
			isa = PBXResourcesBuildPhase;
			buildActionMask = 2147483647;
			files = (
				3F1470B027C18352008F17A8 /* LaunchScreen.storyboard in Resources */,
				3F1470AD27C18352008F17A8 /* Assets.xcassets in Resources */,
				3F1470AB27C18350008F17A8 /* Main.storyboard in Resources */,
			);
			runOnlyForDeploymentPostprocessing = 0;
		};
		3F1470B427C18352008F17A8 /* Resources */ = {
			isa = PBXResourcesBuildPhase;
			buildActionMask = 2147483647;
			files = (
			);
			runOnlyForDeploymentPostprocessing = 0;
		};
		3F1470BE27C18352008F17A8 /* Resources */ = {
			isa = PBXResourcesBuildPhase;
			buildActionMask = 2147483647;
			files = (
			);
			runOnlyForDeploymentPostprocessing = 0;
		};
/* End PBXResourcesBuildPhase section */

/* Begin PBXShellScriptBuildPhase section */
		0378A1D20A7776066C3E858E /* [CP] Check Pods Manifest.lock */ = {
			isa = PBXShellScriptBuildPhase;
			buildActionMask = 2147483647;
			files = (
			);
			inputFileListPaths = (
			);
			inputPaths = (
				"${PODS_PODFILE_DIR_PATH}/Podfile.lock",
				"${PODS_ROOT}/Manifest.lock",
			);
			name = "[CP] Check Pods Manifest.lock";
			outputFileListPaths = (
			);
			outputPaths = (
				"$(DERIVED_FILE_DIR)/Pods-FlixTests-checkManifestLockResult.txt",
			);
			runOnlyForDeploymentPostprocessing = 0;
			shellPath = /bin/sh;
			shellScript = "diff \"${PODS_PODFILE_DIR_PATH}/Podfile.lock\" \"${PODS_ROOT}/Manifest.lock\" > /dev/null\nif [ $? != 0 ] ; then\n    # print error to STDERR\n    echo \"error: The sandbox is not in sync with the Podfile.lock. Run 'pod install' or update your CocoaPods installation.\" >&2\n    exit 1\nfi\n# This output is used by Xcode 'outputs' to avoid re-running this script phase.\necho \"SUCCESS\" > \"${SCRIPT_OUTPUT_FILE_0}\"\n";
			showEnvVarsInLog = 0;
		};
		0891770BE266F940950D1C69 /* [CP] Embed Pods Frameworks */ = {
			isa = PBXShellScriptBuildPhase;
			buildActionMask = 2147483647;
			files = (
			);
			inputFileListPaths = (
				"${PODS_ROOT}/Target Support Files/Pods-Flix/Pods-Flix-frameworks-${CONFIGURATION}-input-files.xcfilelist",
			);
			name = "[CP] Embed Pods Frameworks";
			outputFileListPaths = (
				"${PODS_ROOT}/Target Support Files/Pods-Flix/Pods-Flix-frameworks-${CONFIGURATION}-output-files.xcfilelist",
			);
			runOnlyForDeploymentPostprocessing = 0;
			shellPath = /bin/sh;
			shellScript = "\"${PODS_ROOT}/Target Support Files/Pods-Flix/Pods-Flix-frameworks.sh\"\n";
			showEnvVarsInLog = 0;
		};
		58964A1D3F22BEA057E90FC0 /* [CP] Check Pods Manifest.lock */ = {
			isa = PBXShellScriptBuildPhase;
			buildActionMask = 2147483647;
			files = (
			);
			inputFileListPaths = (
			);
			inputPaths = (
				"${PODS_PODFILE_DIR_PATH}/Podfile.lock",
				"${PODS_ROOT}/Manifest.lock",
			);
			name = "[CP] Check Pods Manifest.lock";
			outputFileListPaths = (
			);
			outputPaths = (
				"$(DERIVED_FILE_DIR)/Pods-Flix-checkManifestLockResult.txt",
			);
			runOnlyForDeploymentPostprocessing = 0;
			shellPath = /bin/sh;
			shellScript = "diff \"${PODS_PODFILE_DIR_PATH}/Podfile.lock\" \"${PODS_ROOT}/Manifest.lock\" > /dev/null\nif [ $? != 0 ] ; then\n    # print error to STDERR\n    echo \"error: The sandbox is not in sync with the Podfile.lock. Run 'pod install' or update your CocoaPods installation.\" >&2\n    exit 1\nfi\n# This output is used by Xcode 'outputs' to avoid re-running this script phase.\necho \"SUCCESS\" > \"${SCRIPT_OUTPUT_FILE_0}\"\n";
			showEnvVarsInLog = 0;
		};
		5B598749D53B65387FEE514E /* [CP] Check Pods Manifest.lock */ = {
			isa = PBXShellScriptBuildPhase;
			buildActionMask = 2147483647;
			files = (
			);
			inputFileListPaths = (
			);
			inputPaths = (
				"${PODS_PODFILE_DIR_PATH}/Podfile.lock",
				"${PODS_ROOT}/Manifest.lock",
			);
			name = "[CP] Check Pods Manifest.lock";
			outputFileListPaths = (
			);
			outputPaths = (
				"$(DERIVED_FILE_DIR)/Pods-Flix-FlixUITests-checkManifestLockResult.txt",
			);
			runOnlyForDeploymentPostprocessing = 0;
			shellPath = /bin/sh;
			shellScript = "diff \"${PODS_PODFILE_DIR_PATH}/Podfile.lock\" \"${PODS_ROOT}/Manifest.lock\" > /dev/null\nif [ $? != 0 ] ; then\n    # print error to STDERR\n    echo \"error: The sandbox is not in sync with the Podfile.lock. Run 'pod install' or update your CocoaPods installation.\" >&2\n    exit 1\nfi\n# This output is used by Xcode 'outputs' to avoid re-running this script phase.\necho \"SUCCESS\" > \"${SCRIPT_OUTPUT_FILE_0}\"\n";
			showEnvVarsInLog = 0;
		};
		95EC0385401495A0C12D31A7 /* [CP] Embed Pods Frameworks */ = {
			isa = PBXShellScriptBuildPhase;
			buildActionMask = 2147483647;
			files = (
			);
			inputFileListPaths = (
				"${PODS_ROOT}/Target Support Files/Pods-Flix-FlixUITests/Pods-Flix-FlixUITests-frameworks-${CONFIGURATION}-input-files.xcfilelist",
			);
			name = "[CP] Embed Pods Frameworks";
			outputFileListPaths = (
				"${PODS_ROOT}/Target Support Files/Pods-Flix-FlixUITests/Pods-Flix-FlixUITests-frameworks-${CONFIGURATION}-output-files.xcfilelist",
			);
			runOnlyForDeploymentPostprocessing = 0;
			shellPath = /bin/sh;
			shellScript = "\"${PODS_ROOT}/Target Support Files/Pods-Flix-FlixUITests/Pods-Flix-FlixUITests-frameworks.sh\"\n";
			showEnvVarsInLog = 0;
		};
/* End PBXShellScriptBuildPhase section */

/* Begin PBXSourcesBuildPhase section */
		3F14709C27C18350008F17A8 /* Sources */ = {
			isa = PBXSourcesBuildPhase;
			buildActionMask = 2147483647;
			files = (
				3FD4DAFC27CEEB0C00FD2CF0 /* MovieDetailsViewController.swift in Sources */,
				3F1470A827C18350008F17A8 /* MoviesViewController.swift in Sources */,
				3F1470A427C18350008F17A8 /* AppDelegate.swift in Sources */,
				3F5F5A8727C893AF00D8F66B /* MovieCell.swift in Sources */,
				3F1470A627C18350008F17A8 /* SceneDelegate.swift in Sources */,
				3FD4DAFE27CEF5BB00FD2CF0 /* MovieGridViewController.swift in Sources */,
				3FD4DB0027CEF8AD00FD2CF0 /* MovieGridCell.swift in Sources */,
			);
			runOnlyForDeploymentPostprocessing = 0;
		};
		3F1470B227C18352008F17A8 /* Sources */ = {
			isa = PBXSourcesBuildPhase;
			buildActionMask = 2147483647;
			files = (
				3F1470BB27C18352008F17A8 /* FlixTests.swift in Sources */,
			);
			runOnlyForDeploymentPostprocessing = 0;
		};
		3F1470BC27C18352008F17A8 /* Sources */ = {
			isa = PBXSourcesBuildPhase;
			buildActionMask = 2147483647;
			files = (
				3F1470C527C18352008F17A8 /* FlixUITests.swift in Sources */,
				3F1470C727C18352008F17A8 /* FlixUITestsLaunchTests.swift in Sources */,
			);
			runOnlyForDeploymentPostprocessing = 0;
		};
/* End PBXSourcesBuildPhase section */

/* Begin PBXTargetDependency section */
		3F1470B827C18352008F17A8 /* PBXTargetDependency */ = {
			isa = PBXTargetDependency;
			target = 3F14709F27C18350008F17A8 /* Flix */;
			targetProxy = 3F1470B727C18352008F17A8 /* PBXContainerItemProxy */;
		};
		3F1470C227C18352008F17A8 /* PBXTargetDependency */ = {
			isa = PBXTargetDependency;
			target = 3F14709F27C18350008F17A8 /* Flix */;
			targetProxy = 3F1470C127C18352008F17A8 /* PBXContainerItemProxy */;
		};
/* End PBXTargetDependency section */

/* Begin PBXVariantGroup section */
		3F1470A927C18350008F17A8 /* Main.storyboard */ = {
			isa = PBXVariantGroup;
			children = (
				3F1470AA27C18350008F17A8 /* Base */,
			);
			name = Main.storyboard;
			sourceTree = "<group>";
		};
		3F1470AE27C18352008F17A8 /* LaunchScreen.storyboard */ = {
			isa = PBXVariantGroup;
			children = (
				3F1470AF27C18352008F17A8 /* Base */,
			);
			name = LaunchScreen.storyboard;
			sourceTree = "<group>";
		};
/* End PBXVariantGroup section */

/* Begin XCBuildConfiguration section */
		3F1470C827C18352008F17A8 /* Debug */ = {
			isa = XCBuildConfiguration;
			buildSettings = {
				ALWAYS_SEARCH_USER_PATHS = NO;
				CLANG_ANALYZER_NONNULL = YES;
				CLANG_ANALYZER_NUMBER_OBJECT_CONVERSION = YES_AGGRESSIVE;
				CLANG_CXX_LANGUAGE_STANDARD = "gnu++17";
				CLANG_CXX_LIBRARY = "libc++";
				CLANG_ENABLE_MODULES = YES;
				CLANG_ENABLE_OBJC_ARC = YES;
				CLANG_ENABLE_OBJC_WEAK = YES;
				CLANG_WARN_BLOCK_CAPTURE_AUTORELEASING = YES;
				CLANG_WARN_BOOL_CONVERSION = YES;
				CLANG_WARN_COMMA = YES;
				CLANG_WARN_CONSTANT_CONVERSION = YES;
				CLANG_WARN_DEPRECATED_OBJC_IMPLEMENTATIONS = YES;
				CLANG_WARN_DIRECT_OBJC_ISA_USAGE = YES_ERROR;
				CLANG_WARN_DOCUMENTATION_COMMENTS = YES;
				CLANG_WARN_EMPTY_BODY = YES;
				CLANG_WARN_ENUM_CONVERSION = YES;
				CLANG_WARN_INFINITE_RECURSION = YES;
				CLANG_WARN_INT_CONVERSION = YES;
				CLANG_WARN_NON_LITERAL_NULL_CONVERSION = YES;
				CLANG_WARN_OBJC_IMPLICIT_RETAIN_SELF = YES;
				CLANG_WARN_OBJC_LITERAL_CONVERSION = YES;
				CLANG_WARN_OBJC_ROOT_CLASS = YES_ERROR;
				CLANG_WARN_QUOTED_INCLUDE_IN_FRAMEWORK_HEADER = YES;
				CLANG_WARN_RANGE_LOOP_ANALYSIS = YES;
				CLANG_WARN_STRICT_PROTOTYPES = YES;
				CLANG_WARN_SUSPICIOUS_MOVE = YES;
				CLANG_WARN_UNGUARDED_AVAILABILITY = YES_AGGRESSIVE;
				CLANG_WARN_UNREACHABLE_CODE = YES;
				CLANG_WARN__DUPLICATE_METHOD_MATCH = YES;
				COPY_PHASE_STRIP = NO;
				DEBUG_INFORMATION_FORMAT = dwarf;
				ENABLE_STRICT_OBJC_MSGSEND = YES;
				ENABLE_TESTABILITY = YES;
				GCC_C_LANGUAGE_STANDARD = gnu11;
				GCC_DYNAMIC_NO_PIC = NO;
				GCC_NO_COMMON_BLOCKS = YES;
				GCC_OPTIMIZATION_LEVEL = 0;
				GCC_PREPROCESSOR_DEFINITIONS = (
					"DEBUG=1",
					"$(inherited)",
				);
				GCC_WARN_64_TO_32_BIT_CONVERSION = YES;
				GCC_WARN_ABOUT_RETURN_TYPE = YES_ERROR;
				GCC_WARN_UNDECLARED_SELECTOR = YES;
				GCC_WARN_UNINITIALIZED_AUTOS = YES_AGGRESSIVE;
				GCC_WARN_UNUSED_FUNCTION = YES;
				GCC_WARN_UNUSED_VARIABLE = YES;
				IPHONEOS_DEPLOYMENT_TARGET = 15.2;
				MTL_ENABLE_DEBUG_INFO = INCLUDE_SOURCE;
				MTL_FAST_MATH = YES;
				ONLY_ACTIVE_ARCH = YES;
				SDKROOT = iphoneos;
				SWIFT_ACTIVE_COMPILATION_CONDITIONS = DEBUG;
				SWIFT_OPTIMIZATION_LEVEL = "-Onone";
			};
			name = Debug;
		};
		3F1470C927C18352008F17A8 /* Release */ = {
			isa = XCBuildConfiguration;
			buildSettings = {
				ALWAYS_SEARCH_USER_PATHS = NO;
				CLANG_ANALYZER_NONNULL = YES;
				CLANG_ANALYZER_NUMBER_OBJECT_CONVERSION = YES_AGGRESSIVE;
				CLANG_CXX_LANGUAGE_STANDARD = "gnu++17";
				CLANG_CXX_LIBRARY = "libc++";
				CLANG_ENABLE_MODULES = YES;
				CLANG_ENABLE_OBJC_ARC = YES;
				CLANG_ENABLE_OBJC_WEAK = YES;
				CLANG_WARN_BLOCK_CAPTURE_AUTORELEASING = YES;
				CLANG_WARN_BOOL_CONVERSION = YES;
				CLANG_WARN_COMMA = YES;
				CLANG_WARN_CONSTANT_CONVERSION = YES;
				CLANG_WARN_DEPRECATED_OBJC_IMPLEMENTATIONS = YES;
				CLANG_WARN_DIRECT_OBJC_ISA_USAGE = YES_ERROR;
				CLANG_WARN_DOCUMENTATION_COMMENTS = YES;
				CLANG_WARN_EMPTY_BODY = YES;
				CLANG_WARN_ENUM_CONVERSION = YES;
				CLANG_WARN_INFINITE_RECURSION = YES;
				CLANG_WARN_INT_CONVERSION = YES;
				CLANG_WARN_NON_LITERAL_NULL_CONVERSION = YES;
				CLANG_WARN_OBJC_IMPLICIT_RETAIN_SELF = YES;
				CLANG_WARN_OBJC_LITERAL_CONVERSION = YES;
				CLANG_WARN_OBJC_ROOT_CLASS = YES_ERROR;
				CLANG_WARN_QUOTED_INCLUDE_IN_FRAMEWORK_HEADER = YES;
				CLANG_WARN_RANGE_LOOP_ANALYSIS = YES;
				CLANG_WARN_STRICT_PROTOTYPES = YES;
				CLANG_WARN_SUSPICIOUS_MOVE = YES;
				CLANG_WARN_UNGUARDED_AVAILABILITY = YES_AGGRESSIVE;
				CLANG_WARN_UNREACHABLE_CODE = YES;
				CLANG_WARN__DUPLICATE_METHOD_MATCH = YES;
				COPY_PHASE_STRIP = NO;
				DEBUG_INFORMATION_FORMAT = "dwarf-with-dsym";
				ENABLE_NS_ASSERTIONS = NO;
				ENABLE_STRICT_OBJC_MSGSEND = YES;
				GCC_C_LANGUAGE_STANDARD = gnu11;
				GCC_NO_COMMON_BLOCKS = YES;
				GCC_WARN_64_TO_32_BIT_CONVERSION = YES;
				GCC_WARN_ABOUT_RETURN_TYPE = YES_ERROR;
				GCC_WARN_UNDECLARED_SELECTOR = YES;
				GCC_WARN_UNINITIALIZED_AUTOS = YES_AGGRESSIVE;
				GCC_WARN_UNUSED_FUNCTION = YES;
				GCC_WARN_UNUSED_VARIABLE = YES;
				IPHONEOS_DEPLOYMENT_TARGET = 15.2;
				MTL_ENABLE_DEBUG_INFO = NO;
				MTL_FAST_MATH = YES;
				SDKROOT = iphoneos;
				SWIFT_COMPILATION_MODE = wholemodule;
				SWIFT_OPTIMIZATION_LEVEL = "-O";
				VALIDATE_PRODUCT = YES;
			};
			name = Release;
		};
		3F1470CB27C18352008F17A8 /* Debug */ = {
			isa = XCBuildConfiguration;
			baseConfigurationReference = CD6BD0975138BAB39A6CD018 /* Pods-Flix.debug.xcconfig */;
			buildSettings = {
				ASSETCATALOG_COMPILER_APPICON_NAME = AppIcon;
				ASSETCATALOG_COMPILER_GLOBAL_ACCENT_COLOR_NAME = AccentColor;
				CODE_SIGN_STYLE = Automatic;
				CURRENT_PROJECT_VERSION = 1;
				GENERATE_INFOPLIST_FILE = YES;
				INFOPLIST_FILE = Flix/Info.plist;
				INFOPLIST_KEY_UIApplicationSupportsIndirectInputEvents = YES;
				INFOPLIST_KEY_UILaunchStoryboardName = LaunchScreen;
				INFOPLIST_KEY_UIMainStoryboardFile = Main;
				INFOPLIST_KEY_UISupportedInterfaceOrientations_iPad = "UIInterfaceOrientationPortrait UIInterfaceOrientationPortraitUpsideDown UIInterfaceOrientationLandscapeLeft UIInterfaceOrientationLandscapeRight";
				INFOPLIST_KEY_UISupportedInterfaceOrientations_iPhone = "UIInterfaceOrientationPortrait UIInterfaceOrientationLandscapeLeft UIInterfaceOrientationLandscapeRight";
				LD_RUNPATH_SEARCH_PATHS = (
					"$(inherited)",
					"@executable_path/Frameworks",
				);
				MARKETING_VERSION = 1.0;
				PRODUCT_BUNDLE_IDENTIFIER = memo.com.Flix;
				PRODUCT_NAME = "$(TARGET_NAME)";
				SWIFT_EMIT_LOC_STRINGS = YES;
				SWIFT_VERSION = 5.0;
				TARGETED_DEVICE_FAMILY = "1,2";
			};
			name = Debug;
		};
		3F1470CC27C18352008F17A8 /* Release */ = {
			isa = XCBuildConfiguration;
			baseConfigurationReference = 91B1494A9B675FE41BCFF58F /* Pods-Flix.release.xcconfig */;
			buildSettings = {
				ASSETCATALOG_COMPILER_APPICON_NAME = AppIcon;
				ASSETCATALOG_COMPILER_GLOBAL_ACCENT_COLOR_NAME = AccentColor;
				CODE_SIGN_STYLE = Automatic;
				CURRENT_PROJECT_VERSION = 1;
				GENERATE_INFOPLIST_FILE = YES;
				INFOPLIST_FILE = Flix/Info.plist;
				INFOPLIST_KEY_UIApplicationSupportsIndirectInputEvents = YES;
				INFOPLIST_KEY_UILaunchStoryboardName = LaunchScreen;
				INFOPLIST_KEY_UIMainStoryboardFile = Main;
				INFOPLIST_KEY_UISupportedInterfaceOrientations_iPad = "UIInterfaceOrientationPortrait UIInterfaceOrientationPortraitUpsideDown UIInterfaceOrientationLandscapeLeft UIInterfaceOrientationLandscapeRight";
				INFOPLIST_KEY_UISupportedInterfaceOrientations_iPhone = "UIInterfaceOrientationPortrait UIInterfaceOrientationLandscapeLeft UIInterfaceOrientationLandscapeRight";
				LD_RUNPATH_SEARCH_PATHS = (
					"$(inherited)",
					"@executable_path/Frameworks",
				);
				MARKETING_VERSION = 1.0;
				PRODUCT_BUNDLE_IDENTIFIER = memo.com.Flix;
				PRODUCT_NAME = "$(TARGET_NAME)";
				SWIFT_EMIT_LOC_STRINGS = YES;
				SWIFT_VERSION = 5.0;
				TARGETED_DEVICE_FAMILY = "1,2";
			};
			name = Release;
		};
		3F1470CE27C18352008F17A8 /* Debug */ = {
			isa = XCBuildConfiguration;
			baseConfigurationReference = 5C382A2251741252116A82E9 /* Pods-FlixTests.debug.xcconfig */;
			buildSettings = {
				ALWAYS_EMBED_SWIFT_STANDARD_LIBRARIES = YES;
				BUNDLE_LOADER = "$(TEST_HOST)";
				CODE_SIGN_STYLE = Automatic;
				CURRENT_PROJECT_VERSION = 1;
				GENERATE_INFOPLIST_FILE = YES;
				IPHONEOS_DEPLOYMENT_TARGET = 15.2;
				MARKETING_VERSION = 1.0;
				PRODUCT_BUNDLE_IDENTIFIER = memo.com.FlixTests;
				PRODUCT_NAME = "$(TARGET_NAME)";
				SWIFT_EMIT_LOC_STRINGS = NO;
				SWIFT_VERSION = 5.0;
				TARGETED_DEVICE_FAMILY = "1,2";
				TEST_HOST = "$(BUILT_PRODUCTS_DIR)/Flix.app/Flix";
			};
			name = Debug;
		};
		3F1470CF27C18352008F17A8 /* Release */ = {
			isa = XCBuildConfiguration;
			baseConfigurationReference = 4667133D233ECCA21E797B1C /* Pods-FlixTests.release.xcconfig */;
			buildSettings = {
				ALWAYS_EMBED_SWIFT_STANDARD_LIBRARIES = YES;
				BUNDLE_LOADER = "$(TEST_HOST)";
				CODE_SIGN_STYLE = Automatic;
				CURRENT_PROJECT_VERSION = 1;
				GENERATE_INFOPLIST_FILE = YES;
				IPHONEOS_DEPLOYMENT_TARGET = 15.2;
				MARKETING_VERSION = 1.0;
				PRODUCT_BUNDLE_IDENTIFIER = memo.com.FlixTests;
				PRODUCT_NAME = "$(TARGET_NAME)";
				SWIFT_EMIT_LOC_STRINGS = NO;
				SWIFT_VERSION = 5.0;
				TARGETED_DEVICE_FAMILY = "1,2";
				TEST_HOST = "$(BUILT_PRODUCTS_DIR)/Flix.app/Flix";
			};
			name = Release;
		};
		3F1470D127C18352008F17A8 /* Debug */ = {
			isa = XCBuildConfiguration;
			baseConfigurationReference = B584EB5D68A98820D18D6353 /* Pods-Flix-FlixUITests.debug.xcconfig */;
			buildSettings = {
				ALWAYS_EMBED_SWIFT_STANDARD_LIBRARIES = YES;
				CODE_SIGN_STYLE = Automatic;
				CURRENT_PROJECT_VERSION = 1;
				GENERATE_INFOPLIST_FILE = YES;
				MARKETING_VERSION = 1.0;
				PRODUCT_BUNDLE_IDENTIFIER = memo.com.FlixUITests;
				PRODUCT_NAME = "$(TARGET_NAME)";
				SWIFT_EMIT_LOC_STRINGS = NO;
				SWIFT_VERSION = 5.0;
				TARGETED_DEVICE_FAMILY = "1,2";
				TEST_TARGET_NAME = Flix;
			};
			name = Debug;
		};
		3F1470D227C18352008F17A8 /* Release */ = {
			isa = XCBuildConfiguration;
			baseConfigurationReference = EC5632BFC3DC6F04DE15CF25 /* Pods-Flix-FlixUITests.release.xcconfig */;
			buildSettings = {
				ALWAYS_EMBED_SWIFT_STANDARD_LIBRARIES = YES;
				CODE_SIGN_STYLE = Automatic;
				CURRENT_PROJECT_VERSION = 1;
				GENERATE_INFOPLIST_FILE = YES;
				MARKETING_VERSION = 1.0;
				PRODUCT_BUNDLE_IDENTIFIER = memo.com.FlixUITests;
				PRODUCT_NAME = "$(TARGET_NAME)";
				SWIFT_EMIT_LOC_STRINGS = NO;
				SWIFT_VERSION = 5.0;
				TARGETED_DEVICE_FAMILY = "1,2";
				TEST_TARGET_NAME = Flix;
			};
			name = Release;
		};
/* End XCBuildConfiguration section */

/* Begin XCConfigurationList section */
		3F14709B27C18350008F17A8 /* Build configuration list for PBXProject "Flix" */ = {
			isa = XCConfigurationList;
			buildConfigurations = (
				3F1470C827C18352008F17A8 /* Debug */,
				3F1470C927C18352008F17A8 /* Release */,
			);
			defaultConfigurationIsVisible = 0;
			defaultConfigurationName = Release;
		};
		3F1470CA27C18352008F17A8 /* Build configuration list for PBXNativeTarget "Flix" */ = {
			isa = XCConfigurationList;
			buildConfigurations = (
				3F1470CB27C18352008F17A8 /* Debug */,
				3F1470CC27C18352008F17A8 /* Release */,
			);
			defaultConfigurationIsVisible = 0;
			defaultConfigurationName = Release;
		};
		3F1470CD27C18352008F17A8 /* Build configuration list for PBXNativeTarget "FlixTests" */ = {
			isa = XCConfigurationList;
			buildConfigurations = (
				3F1470CE27C18352008F17A8 /* Debug */,
				3F1470CF27C18352008F17A8 /* Release */,
			);
			defaultConfigurationIsVisible = 0;
			defaultConfigurationName = Release;
		};
		3F1470D027C18352008F17A8 /* Build configuration list for PBXNativeTarget "FlixUITests" */ = {
			isa = XCConfigurationList;
			buildConfigurations = (
				3F1470D127C18352008F17A8 /* Debug */,
				3F1470D227C18352008F17A8 /* Release */,
			);
			defaultConfigurationIsVisible = 0;
			defaultConfigurationName = Release;
		};
/* End XCConfigurationList section */

/* Begin XCRemoteSwiftPackageReference section */
		3F5F5A8827C89A2F00D8F66B /* XCRemoteSwiftPackageReference "AlamofireImage" */ = {
			isa = XCRemoteSwiftPackageReference;
			repositoryURL = "https://github.com/Alamofire/AlamofireImage";
			requirement = {
				branch = master;
				kind = branch;
			};
		};
/* End XCRemoteSwiftPackageReference section */

/* Begin XCSwiftPackageProductDependency section */
		3F5F5A8927C89A2F00D8F66B /* AlamofireImage */ = {
			isa = XCSwiftPackageProductDependency;
			package = 3F5F5A8827C89A2F00D8F66B /* XCRemoteSwiftPackageReference "AlamofireImage" */;
			productName = AlamofireImage;
		};
/* End XCSwiftPackageProductDependency section */
	};
	rootObject = 3F14709827C18350008F17A8 /* Project object */;
}
